// !$*UTF8*$!
{
	archiveVersion = 1;
	classes = {
	};
	objectVersion = 46;
	objects = {

/* Begin PBXBuildFile section */
		0D1643F61E4DFF1F00156619 /* main.m in Sources */ = {isa = PBXBuildFile; fileRef = 0D1643F51E4DFF1F00156619 /* main.m */; };
		0D1643F91E4DFF1F00156619 /* AppDelegate.m in Sources */ = {isa = PBXBuildFile; fileRef = 0D1643F81E4DFF1F00156619 /* AppDelegate.m */; };
		0D1643FC1E4DFF1F00156619 /* MainViewController.m in Sources */ = {isa = PBXBuildFile; fileRef = 0D1643FB1E4DFF1F00156619 /* MainViewController.m */; };
		0D1643FF1E4DFF1F00156619 /* Main.storyboard in Resources */ = {isa = PBXBuildFile; fileRef = 0D1643FD1E4DFF1F00156619 /* Main.storyboard */; };
		0D1644011E4DFF1F00156619 /* Assets.xcassets in Resources */ = {isa = PBXBuildFile; fileRef = 0D1644001E4DFF1F00156619 /* Assets.xcassets */; };
		0D1644041E4DFF1F00156619 /* LaunchScreen.storyboard in Resources */ = {isa = PBXBuildFile; fileRef = 0D1644021E4DFF1F00156619 /* LaunchScreen.storyboard */; };
		0D16440F1E4DFF1F00156619 /* GoEuroTestTests.m in Sources */ = {isa = PBXBuildFile; fileRef = 0D16440E1E4DFF1F00156619 /* GoEuroTestTests.m */; };
		0D16441C1E4E041700156619 /* TimeTableService.swift in Sources */ = {isa = PBXBuildFile; fileRef = 0D16441B1E4E041700156619 /* TimeTableService.swift */; };
		0D1644201E4E049B00156619 /* Cartfile in Resources */ = {isa = PBXBuildFile; fileRef = 0D16441F1E4E049B00156619 /* Cartfile */; };
		0D1644261E4E05A100156619 /* Alamofire.framework in Frameworks */ = {isa = PBXBuildFile; fileRef = 0D1644221E4E05A100156619 /* Alamofire.framework */; };
		0D1644271E4E05A100156619 /* Realm.framework in Frameworks */ = {isa = PBXBuildFile; fileRef = 0D1644231E4E05A100156619 /* Realm.framework */; };
		0D1644281E4E05A100156619 /* RealmSwift.framework in Frameworks */ = {isa = PBXBuildFile; fileRef = 0D1644241E4E05A100156619 /* RealmSwift.framework */; };
		0D1644291E4E05A100156619 /* SwiftOverlays.framework in Frameworks */ = {isa = PBXBuildFile; fileRef = 0D1644251E4E05A100156619 /* SwiftOverlays.framework */; };
		0D16442C1E4E1A1C00156619 /* JSONConvertible.swift in Sources */ = {isa = PBXBuildFile; fileRef = 0D16442B1E4E1A1C00156619 /* JSONConvertible.swift */; };
		0D37AC6F1E4F802A00CDF98C /* TimeTableEntity.swift in Sources */ = {isa = PBXBuildFile; fileRef = 0D37AC6E1E4F802A00CDF98C /* TimeTableEntity.swift */; };
/* End PBXBuildFile section */

/* Begin PBXContainerItemProxy section */
		0D16440B1E4DFF1F00156619 /* PBXContainerItemProxy */ = {
			isa = PBXContainerItemProxy;
			containerPortal = 0D1643E91E4DFF1F00156619 /* Project object */;
			proxyType = 1;
			remoteGlobalIDString = 0D1643F01E4DFF1F00156619;
			remoteInfo = GoEuroTest;
		};
/* End PBXContainerItemProxy section */

/* Begin PBXFileReference section */
		0D1643F11E4DFF1F00156619 /* GoEuroTest.app */ = {isa = PBXFileReference; explicitFileType = wrapper.application; includeInIndex = 0; path = GoEuroTest.app; sourceTree = BUILT_PRODUCTS_DIR; };
		0D1643F51E4DFF1F00156619 /* main.m */ = {isa = PBXFileReference; lastKnownFileType = sourcecode.c.objc; path = main.m; sourceTree = "<group>"; };
		0D1643F71E4DFF1F00156619 /* AppDelegate.h */ = {isa = PBXFileReference; lastKnownFileType = sourcecode.c.h; path = AppDelegate.h; sourceTree = "<group>"; };
		0D1643F81E4DFF1F00156619 /* AppDelegate.m */ = {isa = PBXFileReference; lastKnownFileType = sourcecode.c.objc; path = AppDelegate.m; sourceTree = "<group>"; };
		0D1643FA1E4DFF1F00156619 /* MainViewController.h */ = {isa = PBXFileReference; lastKnownFileType = sourcecode.c.h; path = MainViewController.h; sourceTree = "<group>"; };
		0D1643FB1E4DFF1F00156619 /* MainViewController.m */ = {isa = PBXFileReference; lastKnownFileType = sourcecode.c.objc; path = MainViewController.m; sourceTree = "<group>"; };
		0D1643FE1E4DFF1F00156619 /* Base */ = {isa = PBXFileReference; lastKnownFileType = file.storyboard; name = Base; path = Base.lproj/Main.storyboard; sourceTree = "<group>"; };
		0D1644001E4DFF1F00156619 /* Assets.xcassets */ = {isa = PBXFileReference; lastKnownFileType = folder.assetcatalog; path = Assets.xcassets; sourceTree = "<group>"; };
		0D1644031E4DFF1F00156619 /* Base */ = {isa = PBXFileReference; lastKnownFileType = file.storyboard; name = Base; path = Base.lproj/LaunchScreen.storyboard; sourceTree = "<group>"; };
		0D1644051E4DFF1F00156619 /* Info.plist */ = {isa = PBXFileReference; lastKnownFileType = text.plist.xml; path = Info.plist; sourceTree = "<group>"; };
		0D16440A1E4DFF1F00156619 /* GoEuroTestTests.xctest */ = {isa = PBXFileReference; explicitFileType = wrapper.cfbundle; includeInIndex = 0; path = GoEuroTestTests.xctest; sourceTree = BUILT_PRODUCTS_DIR; };
		0D16440E1E4DFF1F00156619 /* GoEuroTestTests.m */ = {isa = PBXFileReference; lastKnownFileType = sourcecode.c.objc; path = GoEuroTestTests.m; sourceTree = "<group>"; };
		0D1644101E4DFF1F00156619 /* Info.plist */ = {isa = PBXFileReference; lastKnownFileType = text.plist.xml; path = Info.plist; sourceTree = "<group>"; };
		0D16441A1E4E041700156619 /* GoEuroTest-Bridging-Header.h */ = {isa = PBXFileReference; lastKnownFileType = sourcecode.c.h; path = "GoEuroTest-Bridging-Header.h"; sourceTree = "<group>"; };
		0D16441B1E4E041700156619 /* TimeTableService.swift */ = {isa = PBXFileReference; fileEncoding = 4; lastKnownFileType = sourcecode.swift; path = TimeTableService.swift; sourceTree = "<group>"; };
		0D16441F1E4E049B00156619 /* Cartfile */ = {isa = PBXFileReference; fileEncoding = 4; lastKnownFileType = text; path = Cartfile; sourceTree = "<group>"; };
		0D1644221E4E05A100156619 /* Alamofire.framework */ = {isa = PBXFileReference; lastKnownFileType = wrapper.framework; name = Alamofire.framework; path = Carthage/Build/iOS/Alamofire.framework; sourceTree = SOURCE_ROOT; };
		0D1644231E4E05A100156619 /* Realm.framework */ = {isa = PBXFileReference; lastKnownFileType = wrapper.framework; name = Realm.framework; path = Carthage/Build/iOS/Realm.framework; sourceTree = SOURCE_ROOT; };
		0D1644241E4E05A100156619 /* RealmSwift.framework */ = {isa = PBXFileReference; lastKnownFileType = wrapper.framework; name = RealmSwift.framework; path = Carthage/Build/iOS/RealmSwift.framework; sourceTree = SOURCE_ROOT; };
		0D1644251E4E05A100156619 /* SwiftOverlays.framework */ = {isa = PBXFileReference; lastKnownFileType = wrapper.framework; name = SwiftOverlays.framework; path = Carthage/Build/iOS/SwiftOverlays.framework; sourceTree = SOURCE_ROOT; };
		0D16442B1E4E1A1C00156619 /* JSONConvertible.swift */ = {isa = PBXFileReference; fileEncoding = 4; lastKnownFileType = sourcecode.swift; path = JSONConvertible.swift; sourceTree = "<group>"; };
		0D37AC6E1E4F802A00CDF98C /* TimeTableEntity.swift */ = {isa = PBXFileReference; fileEncoding = 4; lastKnownFileType = sourcecode.swift; path = TimeTableEntity.swift; sourceTree = "<group>"; };
/* End PBXFileReference section */

/* Begin PBXFrameworksBuildPhase section */
		0D1643EE1E4DFF1F00156619 /* Frameworks */ = {
			isa = PBXFrameworksBuildPhase;
			buildActionMask = 2147483647;
			files = (
				0D1644271E4E05A100156619 /* Realm.framework in Frameworks */,
				0D1644291E4E05A100156619 /* SwiftOverlays.framework in Frameworks */,
				0D1644261E4E05A100156619 /* Alamofire.framework in Frameworks */,
				0D1644281E4E05A100156619 /* RealmSwift.framework in Frameworks */,
			);
			runOnlyForDeploymentPostprocessing = 0;
		};
		0D1644071E4DFF1F00156619 /* Frameworks */ = {
			isa = PBXFrameworksBuildPhase;
			buildActionMask = 2147483647;
			files = (
			);
			runOnlyForDeploymentPostprocessing = 0;
		};
/* End PBXFrameworksBuildPhase section */

/* Begin PBXGroup section */
		0D1643E81E4DFF1F00156619 = {
			isa = PBXGroup;
			children = (
				0D16441F1E4E049B00156619 /* Cartfile */,
				0D1643F31E4DFF1F00156619 /* GoEuroTest */,
				0D16440D1E4DFF1F00156619 /* GoEuroTestTests */,
				0D1643F21E4DFF1F00156619 /* Products */,
			);
			sourceTree = "<group>";
		};
		0D1643F21E4DFF1F00156619 /* Products */ = {
			isa = PBXGroup;
			children = (
				0D1643F11E4DFF1F00156619 /* GoEuroTest.app */,
				0D16440A1E4DFF1F00156619 /* GoEuroTestTests.xctest */,
			);
			name = Products;
			sourceTree = "<group>";
		};
		0D1643F31E4DFF1F00156619 /* GoEuroTest */ = {
			isa = PBXGroup;
			children = (
				0D1644211E4E057C00156619 /* Frameworks */,
				0D1644191E4E03AB00156619 /* Services */,
				0D1643F71E4DFF1F00156619 /* AppDelegate.h */,
				0D1643F81E4DFF1F00156619 /* AppDelegate.m */,
				0D1643FA1E4DFF1F00156619 /* MainViewController.h */,
				0D1643FB1E4DFF1F00156619 /* MainViewController.m */,
				0D1643FD1E4DFF1F00156619 /* Main.storyboard */,
				0D1644001E4DFF1F00156619 /* Assets.xcassets */,
				0D1644021E4DFF1F00156619 /* LaunchScreen.storyboard */,
				0D1644051E4DFF1F00156619 /* Info.plist */,
				0D1643F41E4DFF1F00156619 /* Supporting Files */,
			);
			path = GoEuroTest;
			sourceTree = "<group>";
		};
		0D1643F41E4DFF1F00156619 /* Supporting Files */ = {
			isa = PBXGroup;
			children = (
				0D1643F51E4DFF1F00156619 /* main.m */,
			);
			name = "Supporting Files";
			sourceTree = "<group>";
		};
		0D16440D1E4DFF1F00156619 /* GoEuroTestTests */ = {
			isa = PBXGroup;
			children = (
				0D16440E1E4DFF1F00156619 /* GoEuroTestTests.m */,
				0D1644101E4DFF1F00156619 /* Info.plist */,
			);
			path = GoEuroTestTests;
			sourceTree = "<group>";
		};
		0D1644191E4E03AB00156619 /* Services */ = {
			isa = PBXGroup;
			children = (
				0D16442B1E4E1A1C00156619 /* JSONConvertible.swift */,
				0D16441B1E4E041700156619 /* TimeTableService.swift */,
				0D16441A1E4E041700156619 /* GoEuroTest-Bridging-Header.h */,
				0D37AC6E1E4F802A00CDF98C /* TimeTableEntity.swift */,
			);
			path = Services;
			sourceTree = "<group>";
		};
		0D1644211E4E057C00156619 /* Frameworks */ = {
			isa = PBXGroup;
			children = (
				0D1644221E4E05A100156619 /* Alamofire.framework */,
				0D1644231E4E05A100156619 /* Realm.framework */,
				0D1644241E4E05A100156619 /* RealmSwift.framework */,
				0D1644251E4E05A100156619 /* SwiftOverlays.framework */,
			);
			name = Frameworks;
			sourceTree = "<group>";
		};
/* End PBXGroup section */

/* Begin PBXNativeTarget section */
		0D1643F01E4DFF1F00156619 /* GoEuroTest */ = {
			isa = PBXNativeTarget;
			buildConfigurationList = 0D1644131E4DFF1F00156619 /* Build configuration list for PBXNativeTarget "GoEuroTest" */;
			buildPhases = (
				0D1643ED1E4DFF1F00156619 /* Sources */,
				0D1643EE1E4DFF1F00156619 /* Frameworks */,
				0D1643EF1E4DFF1F00156619 /* Resources */,
				0D16442A1E4E05B800156619 /* Copy Carthage Frameworks */,
			);
			buildRules = (
			);
			dependencies = (
			);
			name = GoEuroTest;
			productName = GoEuroTest;
			productReference = 0D1643F11E4DFF1F00156619 /* GoEuroTest.app */;
			productType = "com.apple.product-type.application";
		};
		0D1644091E4DFF1F00156619 /* GoEuroTestTests */ = {
			isa = PBXNativeTarget;
			buildConfigurationList = 0D1644161E4DFF1F00156619 /* Build configuration list for PBXNativeTarget "GoEuroTestTests" */;
			buildPhases = (
				0D1644061E4DFF1F00156619 /* Sources */,
				0D1644071E4DFF1F00156619 /* Frameworks */,
				0D1644081E4DFF1F00156619 /* Resources */,
			);
			buildRules = (
			);
			dependencies = (
				0D16440C1E4DFF1F00156619 /* PBXTargetDependency */,
			);
			name = GoEuroTestTests;
			productName = GoEuroTestTests;
			productReference = 0D16440A1E4DFF1F00156619 /* GoEuroTestTests.xctest */;
			productType = "com.apple.product-type.bundle.unit-test";
		};
/* End PBXNativeTarget section */

/* Begin PBXProject section */
		0D1643E91E4DFF1F00156619 /* Project object */ = {
			isa = PBXProject;
			attributes = {
				LastUpgradeCheck = 0820;
				ORGANIZATIONNAME = Prokop;
				TargetAttributes = {
					0D1643F01E4DFF1F00156619 = {
						CreatedOnToolsVersion = 8.2.1;
						LastSwiftMigration = 0820;
						ProvisioningStyle = Automatic;
					};
					0D1644091E4DFF1F00156619 = {
						CreatedOnToolsVersion = 8.2.1;
						ProvisioningStyle = Automatic;
						TestTargetID = 0D1643F01E4DFF1F00156619;
					};
				};
			};
			buildConfigurationList = 0D1643EC1E4DFF1F00156619 /* Build configuration list for PBXProject "GoEuroTest" */;
			compatibilityVersion = "Xcode 3.2";
			developmentRegion = English;
			hasScannedForEncodings = 0;
			knownRegions = (
				en,
				Base,
			);
			mainGroup = 0D1643E81E4DFF1F00156619;
			productRefGroup = 0D1643F21E4DFF1F00156619 /* Products */;
			projectDirPath = "";
			projectRoot = "";
			targets = (
				0D1643F01E4DFF1F00156619 /* GoEuroTest */,
				0D1644091E4DFF1F00156619 /* GoEuroTestTests */,
			);
		};
/* End PBXProject section */

/* Begin PBXResourcesBuildPhase section */
		0D1643EF1E4DFF1F00156619 /* Resources */ = {
			isa = PBXResourcesBuildPhase;
			buildActionMask = 2147483647;
			files = (
				0D1644041E4DFF1F00156619 /* LaunchScreen.storyboard in Resources */,
				0D1644011E4DFF1F00156619 /* Assets.xcassets in Resources */,
				0D1644201E4E049B00156619 /* Cartfile in Resources */,
				0D1643FF1E4DFF1F00156619 /* Main.storyboard in Resources */,
			);
			runOnlyForDeploymentPostprocessing = 0;
		};
		0D1644081E4DFF1F00156619 /* Resources */ = {
			isa = PBXResourcesBuildPhase;
			buildActionMask = 2147483647;
			files = (
			);
			runOnlyForDeploymentPostprocessing = 0;
		};
/* End PBXResourcesBuildPhase section */

/* Begin PBXShellScriptBuildPhase section */
		0D16442A1E4E05B800156619 /* Copy Carthage Frameworks */ = {
			isa = PBXShellScriptBuildPhase;
			buildActionMask = 2147483647;
			files = (
			);
			inputPaths = (
				"$(SRCROOT)/Carthage/Build/iOS/Alamofire.framework",
				"$(SRCROOT)/Carthage/Build/iOS/Realm.framework",
				"$(SRCROOT)/Carthage/Build/iOS/RealmSwift.framework",
				"$(SRCROOT)/Carthage/Build/iOS/SwiftOverlays.framework",
			);
			name = "Copy Carthage Frameworks";
			outputPaths = (
			);
			runOnlyForDeploymentPostprocessing = 0;
			shellPath = /bin/sh;
			shellScript = "/usr/local/bin/carthage copy-frameworks";
		};
/* End PBXShellScriptBuildPhase section */

/* Begin PBXSourcesBuildPhase section */
		0D1643ED1E4DFF1F00156619 /* Sources */ = {
			isa = PBXSourcesBuildPhase;
			buildActionMask = 2147483647;
			files = (
				0D1643FC1E4DFF1F00156619 /* MainViewController.m in Sources */,
				0D1643F91E4DFF1F00156619 /* AppDelegate.m in Sources */,
				0D37AC6F1E4F802A00CDF98C /* TimeTableEntity.swift in Sources */,
				0D1643F61E4DFF1F00156619 /* main.m in Sources */,
				0D16441C1E4E041700156619 /* TimeTableService.swift in Sources */,
				0D16442C1E4E1A1C00156619 /* JSONConvertible.swift in Sources */,
			);
			runOnlyForDeploymentPostprocessing = 0;
		};
		0D1644061E4DFF1F00156619 /* Sources */ = {
			isa = PBXSourcesBuildPhase;
			buildActionMask = 2147483647;
			files = (
				0D16440F1E4DFF1F00156619 /* GoEuroTestTests.m in Sources */,
			);
			runOnlyForDeploymentPostprocessing = 0;
		};
/* End PBXSourcesBuildPhase section */

/* Begin PBXTargetDependency section */
		0D16440C1E4DFF1F00156619 /* PBXTargetDependency */ = {
			isa = PBXTargetDependency;
			target = 0D1643F01E4DFF1F00156619 /* GoEuroTest */;
			targetProxy = 0D16440B1E4DFF1F00156619 /* PBXContainerItemProxy */;
		};
/* End PBXTargetDependency section */

/* Begin PBXVariantGroup section */
		0D1643FD1E4DFF1F00156619 /* Main.storyboard */ = {
			isa = PBXVariantGroup;
			children = (
				0D1643FE1E4DFF1F00156619 /* Base */,
			);
			name = Main.storyboard;
			sourceTree = "<group>";
		};
		0D1644021E4DFF1F00156619 /* LaunchScreen.storyboard */ = {
			isa = PBXVariantGroup;
			children = (
				0D1644031E4DFF1F00156619 /* Base */,
			);
			name = LaunchScreen.storyboard;
			sourceTree = "<group>";
		};
/* End PBXVariantGroup section */

/* Begin XCBuildConfiguration section */
		0D1644111E4DFF1F00156619 /* Debug */ = {
			isa = XCBuildConfiguration;
			buildSettings = {
				ALWAYS_SEARCH_USER_PATHS = NO;
				CLANG_ANALYZER_NONNULL = YES;
				CLANG_CXX_LANGUAGE_STANDARD = "gnu++0x";
				CLANG_CXX_LIBRARY = "libc++";
				CLANG_ENABLE_MODULES = YES;
				CLANG_ENABLE_OBJC_ARC = YES;
				CLANG_WARN_BOOL_CONVERSION = YES;
				CLANG_WARN_CONSTANT_CONVERSION = YES;
				CLANG_WARN_DIRECT_OBJC_ISA_USAGE = YES_ERROR;
				CLANG_WARN_DOCUMENTATION_COMMENTS = YES;
				CLANG_WARN_EMPTY_BODY = YES;
				CLANG_WARN_ENUM_CONVERSION = YES;
				CLANG_WARN_INFINITE_RECURSION = YES;
				CLANG_WARN_INT_CONVERSION = YES;
				CLANG_WARN_OBJC_ROOT_CLASS = YES_ERROR;
				CLANG_WARN_SUSPICIOUS_MOVE = YES;
				CLANG_WARN_UNREACHABLE_CODE = YES;
				CLANG_WARN__DUPLICATE_METHOD_MATCH = YES;
				"CODE_SIGN_IDENTITY[sdk=iphoneos*]" = "iPhone Developer";
				COPY_PHASE_STRIP = NO;
				DEBUG_INFORMATION_FORMAT = dwarf;
				ENABLE_STRICT_OBJC_MSGSEND = YES;
				ENABLE_TESTABILITY = YES;
				GCC_C_LANGUAGE_STANDARD = gnu99;
				GCC_DYNAMIC_NO_PIC = NO;
				GCC_NO_COMMON_BLOCKS = YES;
				GCC_OPTIMIZATION_LEVEL = 0;
				GCC_PREPROCESSOR_DEFINITIONS = (
					"DEBUG=1",
					"$(inherited)",
				);
				GCC_WARN_64_TO_32_BIT_CONVERSION = YES;
				GCC_WARN_ABOUT_RETURN_TYPE = YES_ERROR;
				GCC_WARN_UNDECLARED_SELECTOR = YES;
				GCC_WARN_UNINITIALIZED_AUTOS = YES_AGGRESSIVE;
				GCC_WARN_UNUSED_FUNCTION = YES;
				GCC_WARN_UNUSED_VARIABLE = YES;
				IPHONEOS_DEPLOYMENT_TARGET = 10.2;
				MTL_ENABLE_DEBUG_INFO = YES;
				ONLY_ACTIVE_ARCH = YES;
				SDKROOT = iphoneos;
			};
			name = Debug;
		};
		0D1644121E4DFF1F00156619 /* Release */ = {
			isa = XCBuildConfiguration;
			buildSettings = {
				ALWAYS_SEARCH_USER_PATHS = NO;
				CLANG_ANALYZER_NONNULL = YES;
				CLANG_CXX_LANGUAGE_STANDARD = "gnu++0x";
				CLANG_CXX_LIBRARY = "libc++";
				CLANG_ENABLE_MODULES = YES;
				CLANG_ENABLE_OBJC_ARC = YES;
				CLANG_WARN_BOOL_CONVERSION = YES;
				CLANG_WARN_CONSTANT_CONVERSION = YES;
				CLANG_WARN_DIRECT_OBJC_ISA_USAGE = YES_ERROR;
				CLANG_WARN_DOCUMENTATION_COMMENTS = YES;
				CLANG_WARN_EMPTY_BODY = YES;
				CLANG_WARN_ENUM_CONVERSION = YES;
				CLANG_WARN_INFINITE_RECURSION = YES;
				CLANG_WARN_INT_CONVERSION = YES;
				CLANG_WARN_OBJC_ROOT_CLASS = YES_ERROR;
				CLANG_WARN_SUSPICIOUS_MOVE = YES;
				CLANG_WARN_UNREACHABLE_CODE = YES;
				CLANG_WARN__DUPLICATE_METHOD_MATCH = YES;
				"CODE_SIGN_IDENTITY[sdk=iphoneos*]" = "iPhone Developer";
				COPY_PHASE_STRIP = NO;
				DEBUG_INFORMATION_FORMAT = "dwarf-with-dsym";
				ENABLE_NS_ASSERTIONS = NO;
				ENABLE_STRICT_OBJC_MSGSEND = YES;
				GCC_C_LANGUAGE_STANDARD = gnu99;
				GCC_NO_COMMON_BLOCKS = YES;
				GCC_WARN_64_TO_32_BIT_CONVERSION = YES;
				GCC_WARN_ABOUT_RETURN_TYPE = YES_ERROR;
				GCC_WARN_UNDECLARED_SELECTOR = YES;
				GCC_WARN_UNINITIALIZED_AUTOS = YES_AGGRESSIVE;
				GCC_WARN_UNUSED_FUNCTION = YES;
				GCC_WARN_UNUSED_VARIABLE = YES;
				IPHONEOS_DEPLOYMENT_TARGET = 10.2;
				MTL_ENABLE_DEBUG_INFO = NO;
				SDKROOT = iphoneos;
				VALIDATE_PRODUCT = YES;
			};
			name = Release;
		};
		0D1644141E4DFF1F00156619 /* Debug */ = {
			isa = XCBuildConfiguration;
			buildSettings = {
				ASSETCATALOG_COMPILER_APPICON_NAME = AppIcon;
				CLANG_ENABLE_MODULES = YES;
				FRAMEWORK_SEARCH_PATHS = (
					"$(inherited)",
					"$(PROJECT_DIR)/Carthage/Build/iOS",
				);
				INFOPLIST_FILE = GoEuroTest/Info.plist;
				LD_RUNPATH_SEARCH_PATHS = "$(inherited) @executable_path/Frameworks";
				PRODUCT_BUNDLE_IDENTIFIER = Prokop.GoEuroTest;
				PRODUCT_NAME = "$(TARGET_NAME)";
				SWIFT_OBJC_BRIDGING_HEADER = "GoEuroTest/Services/GoEuroTest-Bridging-Header.h";
				SWIFT_OPTIMIZATION_LEVEL = "-Onone";
				SWIFT_VERSION = 3.0;
			};
			name = Debug;
		};
		0D1644151E4DFF1F00156619 /* Release */ = {
			isa = XCBuildConfiguration;
			buildSettings = {
				ASSETCATALOG_COMPILER_APPICON_NAME = AppIcon;
				CLANG_ENABLE_MODULES = YES;
				FRAMEWORK_SEARCH_PATHS = (
					"$(inherited)",
					"$(PROJECT_DIR)/Carthage/Build/iOS",
				);
				INFOPLIST_FILE = GoEuroTest/Info.plist;
				LD_RUNPATH_SEARCH_PATHS = "$(inherited) @executable_path/Frameworks";
				PRODUCT_BUNDLE_IDENTIFIER = Prokop.GoEuroTest;
				PRODUCT_NAME = "$(TARGET_NAME)";
				SWIFT_OBJC_BRIDGING_HEADER = "GoEuroTest/Services/GoEuroTest-Bridging-Header.h";
				SWIFT_VERSION = 3.0;
			};
			name = Release;
		};
		0D1644171E4DFF1F00156619 /* Debug */ = {
			isa = XCBuildConfiguration;
			buildSettings = {
				ALWAYS_EMBED_SWIFT_STANDARD_LIBRARIES = YES;
				BUNDLE_LOADER = "$(TEST_HOST)";
				INFOPLIST_FILE = GoEuroTestTests/Info.plist;
				LD_RUNPATH_SEARCH_PATHS = "$(inherited) @executable_path/Frameworks @loader_path/Frameworks";
				PRODUCT_BUNDLE_IDENTIFIER = Prokop.GoEuroTestTests;
				PRODUCT_NAME = "$(TARGET_NAME)";
				TEST_HOST = "$(BUILT_PRODUCTS_DIR)/GoEuroTest.app/GoEuroTest";
			};
			name = Debug;
		};
		0D1644181E4DFF1F00156619 /* Release */ = {
			isa = XCBuildConfiguration;
			buildSettings = {
				ALWAYS_EMBED_SWIFT_STANDARD_LIBRARIES = YES;
				BUNDLE_LOADER = "$(TEST_HOST)";
				INFOPLIST_FILE = GoEuroTestTests/Info.plist;
				LD_RUNPATH_SEARCH_PATHS = "$(inherited) @executable_path/Frameworks @loader_path/Frameworks";
				PRODUCT_BUNDLE_IDENTIFIER = Prokop.GoEuroTestTests;
				PRODUCT_NAME = "$(TARGET_NAME)";
				TEST_HOST = "$(BUILT_PRODUCTS_DIR)/GoEuroTest.app/GoEuroTest";
			};
			name = Release;
		};
/* End XCBuildConfiguration section */

/* Begin XCConfigurationList section */
		0D1643EC1E4DFF1F00156619 /* Build configuration list for PBXProject "GoEuroTest" */ = {
			isa = XCConfigurationList;
			buildConfigurations = (
				0D1644111E4DFF1F00156619 /* Debug */,
				0D1644121E4DFF1F00156619 /* Release */,
			);
			defaultConfigurationIsVisible = 0;
			defaultConfigurationName = Release;
		};
		0D1644131E4DFF1F00156619 /* Build configuration list for PBXNativeTarget "GoEuroTest" */ = {
			isa = XCConfigurationList;
			buildConfigurations = (
				0D1644141E4DFF1F00156619 /* Debug */,
				0D1644151E4DFF1F00156619 /* Release */,
			);
			defaultConfigurationIsVisible = 0;
			defaultConfigurationName = Release;
		};
		0D1644161E4DFF1F00156619 /* Build configuration list for PBXNativeTarget "GoEuroTestTests" */ = {
			isa = XCConfigurationList;
			buildConfigurations = (
				0D1644171E4DFF1F00156619 /* Debug */,
				0D1644181E4DFF1F00156619 /* Release */,
			);
			defaultConfigurationIsVisible = 0;
			defaultConfigurationName = Release;
		};
/* End XCConfigurationList section */
	};
	rootObject = 0D1643E91E4DFF1F00156619 /* Project object */;
}
